
Microsoft Visual Studio Solution File, Format Version 12.00
# Visual Studio Version 16
VisualStudioVersion = 16.0.29926.136
MinimumVisualStudioVersion = 10.0.40219.1
Project("{FAE04EC0-301F-11D3-BF4B-00C04F79EFBC}") = "AsyncInnWebApp", "AsyncInnWebApp\AsyncInnWebApp.csproj", "{FB761AFD-2F23-42F2-9993-3AD656CBE45D}"
EndProject
Global
	GlobalSection(SolutionConfigurationPlatforms) = preSolution
		Debug|Any CPU = Debug|Any CPU
		Release|Any CPU = Release|Any CPU
	EndGlobalSection
	GlobalSection(ProjectConfigurationPlatforms) = postSolution
		{FB761AFD-2F23-42F2-9993-3AD656CBE45D}.Debug|Any CPU.ActiveCfg = Debug|Any CPU
		{FB761AFD-2F23-42F2-9993-3AD656CBE45D}.Debug|Any CPU.Build.0 = Debug|Any CPU
		{FB761AFD-2F23-42F2-9993-3AD656CBE45D}.Release|Any CPU.ActiveCfg = Release|Any CPU
		{FB761AFD-2F23-42F2-9993-3AD656CBE45D}.Release|Any CPU.Build.0 = Release|Any CPU
	EndGlobalSection
	GlobalSection(SolutionProperties) = preSolution
		HideSolutionNode = FALSE
	EndGlobalSection
	GlobalSection(ExtensibilityGlobals) = postSolution
		SolutionGuid = {5ECD8094-642F-4BF3-85FC-62F9C5662747}
	EndGlobalSection
EndGlobal
